{
  "version": 4,
  "terraform_version": "0.12.6",
  "serial": 2,
  "lineage": "e42ac3bd-ba08-e1e5-8c85-46b7e22165a3",
  "outputs": {
    "k8s_endpoint": {
      "value": "35.227.178.251",
      "type": "string"
    },
    "k8s_instance_group_urls": {
      "value": "https://www.googleapis.com/compute/v1/projects/dohoneydemos/zones/us-west1-b/instanceGroups/gke-k8s-cluster-default-pool-4d4c7d7b-grp",
      "type": "string"
    },
    "k8s_master_auth_client_certificate": {
      "value": "",
      "type": "string"
    },
    "k8s_master_auth_client_key": {
      "value": "",
      "type": "string"
    },
    "k8s_master_auth_cluster_ca_certificate": {
      "value": "LS0tLS1CRUdJTiBDRVJUSUZJQ0FURS0tLS0tCk1JSURDekNDQWZPZ0F3SUJBZ0lRUWdvQ3l1R1Q4SEFvY3JWNGJza3NCakFOQmdrcWhraUc5dzBCQVFzRkFEQXYKTVMwd0t3WURWUVFERXlSa1pqSTNOamN4TVMxaFpXTXpMVFJqTmpNdE9HVXhNQzB6WVdWa09XVm1PVFpqT0dFdwpIaGNOTVRrd09USTJNRFV5TmpNeFdoY05NalF3T1RJME1EWXlOak14V2pBdk1TMHdLd1lEVlFRREV5UmtaakkzCk5qY3hNUzFoWldNekxUUmpOak10T0dVeE1DMHpZV1ZrT1dWbU9UWmpPR0V3Z2dFaU1BMEdDU3FHU0liM0RRRUIKQVFVQUE0SUJEd0F3Z2dFS0FvSUJBUUN0UEZTZ3N6c095V1p3Y0h5T1haQkl2TXFlVllqR2wwWUF0ZUVKNU8xdApwb3czYkpWTU51Nk0xSURCOTZCRWpHS0JsdGVtYk1EN3VLOU1sNktmR1JrNld2ZUdTQjhBSjhRL1RwWG5JVEZ0CmU2T2Nrc1V4Rm9wMHB5NHQ3eFI1N2hwS2hobnJsTlNKNlYrakhpaERlb3BObGR5WCtUTDdvTk9oZ0VSdlNmZnIKT3RycExjV2ZTQWFTUElpS3I4Qm5RRDQ5MHFNUlFzUWcwSnRpSTVJNkVETnRGajV5QWxRNnZrWGhTbFJpYjBOWgo3SnhBL05VVFNuUlNaY0F4OGRsQy9sT1BPSVNmSzhzTW5xUHV6OThvTzVLY3JGOThWYm5KOHRhL3duZFE3UTdiCk9HejNLT0kvdnM4TEZ6QmN0eVY1SFpsVzVuZmRQbkRzUGxBNHk4akpzcTlCQWdNQkFBR2pJekFoTUE0R0ExVWQKRHdFQi93UUVBd0lDQkRBUEJnTlZIUk1CQWY4RUJUQURBUUgvTUEwR0NTcUdTSWIzRFFFQkN3VUFBNElCQVFBcwprMUNTQ3g5c3VaL1NjcUNLYk5oc0FMNnBuSkt2RG5pSGdzTWxuSnVneFZSVEhaUFB6TjYvcDFwUGpJR2ZvTkNwCnM2QXZNaHVRRW9GSnMyNlZnRlVzbmord3RDOGtqK2VZMXBqTmRMMjR2SzdVeUhONlNXZWZFNEh5T0F0bkN4R2IKWGFmd0J5VzBuWmFHUlhpTytWeDF6TVB5NmpjNWRncnVEMytwWjlBR0hkSllTeWVxbDEwQWVYSnJOQXFwZnNlTAozYzJydU9XTE5NeW1xL1lHWCtMLzhlVFdxQWZpNlFhMk1aMnJmVUJkanlHTXNzT0xXbTJwQW5XVnlEcjNOL1JzCkpRek9yejFES1FQZjltNjVCdG1oa1Zmd293bmdOSW42SUF2SlJ0cVV0RUo1QUYvcWtDcFJtVzZDTTUwbUhXNmoKU3hVY0pSdVl1K1dMZ2tDclkwVVgKLS0tLS1FTkQgQ0VSVElGSUNBVEUtLS0tLQo=",
      "type": "string"
    },
    "k8s_master_version": {
      "value": "1.13.7-gke.8",
      "type": "string"
    }
  },
  "resources": [
    {
      "mode": "data",
      "type": "google_container_engine_versions",
      "name": "west",
      "provider": "provider.google",
      "instances": [
        {
          "schema_version": 0,
          "attributes": {
            "default_cluster_version": "1.13.7-gke.8",
            "id": "2019-09-26 06:26:22.39877 +0000 UTC",
            "latest_master_version": "1.14.6-gke.1",
            "latest_node_version": "1.14.6-gke.1",
            "location": "us-west1-b",
            "project": null,
            "region": null,
            "valid_master_versions": [
              "1.14.6-gke.1",
              "1.14.3-gke.11",
              "1.13.10-gke.0",
              "1.13.9-gke.3",
              "1.13.7-gke.24",
              "1.13.7-gke.19",
              "1.13.7-gke.8",
              "1.13.6-gke.13",
              "1.12.10-gke.5",
              "1.12.9-gke.16",
              "1.12.9-gke.15",
              "1.12.9-gke.13",
              "1.12.9-gke.7",
              "1.12.8-gke.12",
              "1.12.8-gke.10",
              "1.12.7-gke.26",
              "1.12.7-gke.25"
            ],
            "valid_node_versions": [
              "1.14.6-gke.1",
              "1.14.3-gke.11",
              "1.14.3-gke.10",
              "1.14.3-gke.9",
              "1.14.2-gke.9",
              "1.14.1-gke.5",
              "1.13.10-gke.0",
              "1.13.9-gke.3",
              "1.13.7-gke.24",
              "1.13.7-gke.19",
              "1.13.7-gke.15",
              "1.13.7-gke.8",
              "1.13.7-gke.0",
              "1.13.6-gke.13",
              "1.13.6-gke.6",
              "1.13.6-gke.5",
              "1.13.6-gke.0",
              "1.13.5-gke.10",
              "1.12.10-gke.5",
              "1.12.9-gke.16",
              "1.12.9-gke.15",
              "1.12.9-gke.13",
              "1.12.9-gke.10",
              "1.12.9-gke.7",
              "1.12.9-gke.3",
              "1.12.8-gke.12",
              "1.12.8-gke.10",
              "1.12.8-gke.7",
              "1.12.8-gke.6",
              "1.12.7-gke.26",
              "1.12.7-gke.25",
              "1.12.7-gke.24",
              "1.12.7-gke.22",
              "1.12.7-gke.21",
              "1.12.7-gke.17",
              "1.12.7-gke.10",
              "1.12.7-gke.7",
              "1.12.6-gke.11",
              "1.12.6-gke.10",
              "1.12.6-gke.7",
              "1.12.5-gke.10",
              "1.12.5-gke.5",
              "1.11.10-gke.6",
              "1.11.10-gke.5",
              "1.11.10-gke.4",
              "1.11.9-gke.13",
              "1.11.9-gke.8",
              "1.11.9-gke.5",
              "1.11.8-gke.10",
              "1.11.8-gke.6",
              "1.11.8-gke.5",
              "1.11.8-gke.4",
              "1.11.7-gke.18",
              "1.11.7-gke.12",
              "1.11.7-gke.6",
              "1.11.7-gke.4",
              "1.11.6-gke.16",
              "1.11.6-gke.11",
              "1.11.6-gke.6",
              "1.11.6-gke.3",
              "1.11.6-gke.2",
              "1.11.6-gke.0",
              "1.11.5-gke.5",
              "1.11.5-gke.4",
              "1.11.4-gke.13",
              "1.11.4-gke.12",
              "1.11.4-gke.8",
              "1.11.3-gke.24",
              "1.11.3-gke.23",
              "1.11.3-gke.18",
              "1.11.2-gke.26",
              "1.11.2-gke.25",
              "1.11.2-gke.20",
              "1.11.2-gke.18",
              "1.11.2-gke.15",
              "1.11.2-gke.9",
              "1.10.12-gke.14",
              "1.10.12-gke.9",
              "1.10.12-gke.7",
              "1.10.12-gke.1",
              "1.10.12-gke.0",
              "1.10.11-gke.1",
              "1.10.9-gke.7",
              "1.10.9-gke.5",
              "1.10.9-gke.3",
              "1.10.9-gke.0",
              "1.10.7-gke.13",
              "1.10.7-gke.11",
              "1.10.7-gke.9",
              "1.10.7-gke.6",
              "1.10.7-gke.2",
              "1.10.7-gke.1",
              "1.10.6-gke.13",
              "1.10.6-gke.11",
              "1.10.6-gke.9",
              "1.10.6-gke.6",
              "1.10.6-gke.4",
              "1.10.6-gke.3",
              "1.10.6-gke.2",
              "1.10.6-gke.1",
              "1.10.5-gke.4",
              "1.10.5-gke.3",
              "1.10.5-gke.2",
              "1.10.5-gke.0",
              "1.10.4-gke.3",
              "1.10.4-gke.2",
              "1.10.4-gke.0",
              "1.10.2-gke.4",
              "1.10.2-gke.3",
              "1.10.2-gke.1",
              "1.9.7-gke.11",
              "1.9.7-gke.7",
              "1.9.7-gke.6",
              "1.9.7-gke.5",
              "1.9.7-gke.4",
              "1.9.7-gke.3",
              "1.9.7-gke.1",
              "1.9.7-gke.0",
              "1.9.6-gke.2",
              "1.9.6-gke.1",
              "1.9.3-gke.0",
              "1.8.12-gke.3",
              "1.8.12-gke.2",
              "1.8.12-gke.1",
              "1.8.12-gke.0",
              "1.8.10-gke.2",
              "1.8.10-gke.0",
              "1.8.9-gke.1",
              "1.8.8-gke.0",
              "1.7.15-gke.0",
              "1.7.12-gke.2",
              "1.6.13-gke.1"
            ],
            "version_prefix": null,
            "zone": null
          }
        }
      ]
    },
    {
      "mode": "managed",
      "type": "google_container_cluster",
      "name": "k8sexample",
      "provider": "provider.google",
      "instances": [
        {
          "schema_version": 1,
          "attributes": {
            "additional_zones": [],
            "addons_config": [
              {
                "horizontal_pod_autoscaling": [],
                "http_load_balancing": [],
                "kubernetes_dashboard": [
                  {
                    "disabled": true
                  }
                ],
                "network_policy_config": [
                  {
                    "disabled": true
                  }
                ]
              }
            ],
            "cluster_autoscaling": [],
            "cluster_ipv4_cidr": "10.20.0.0/14",
            "description": "example k8s cluster",
            "enable_binary_authorization": null,
            "enable_intranode_visibility": null,
            "enable_kubernetes_alpha": true,
            "enable_legacy_abac": true,
            "enable_tpu": null,
            "endpoint": "35.227.178.251",
            "id": "k8s-cluster",
            "initial_node_count": 3,
            "instance_group_urls": [
              "https://www.googleapis.com/compute/v1/projects/dohoneydemos/zones/us-west1-b/instanceGroups/gke-k8s-cluster-default-pool-4d4c7d7b-grp"
            ],
            "ip_allocation_policy": [],
            "location": "us-west1-b",
            "logging_service": "logging.googleapis.com",
            "maintenance_policy": [],
            "master_auth": [
              {
                "client_certificate": "",
                "client_certificate_config": [
                  {
                    "issue_client_certificate": false
                  }
                ],
                "client_key": "",
                "cluster_ca_certificate": "LS0tLS1CRUdJTiBDRVJUSUZJQ0FURS0tLS0tCk1JSURDekNDQWZPZ0F3SUJBZ0lRUWdvQ3l1R1Q4SEFvY3JWNGJza3NCakFOQmdrcWhraUc5dzBCQVFzRkFEQXYKTVMwd0t3WURWUVFERXlSa1pqSTNOamN4TVMxaFpXTXpMVFJqTmpNdE9HVXhNQzB6WVdWa09XVm1PVFpqT0dFdwpIaGNOTVRrd09USTJNRFV5TmpNeFdoY05NalF3T1RJME1EWXlOak14V2pBdk1TMHdLd1lEVlFRREV5UmtaakkzCk5qY3hNUzFoWldNekxUUmpOak10T0dVeE1DMHpZV1ZrT1dWbU9UWmpPR0V3Z2dFaU1BMEdDU3FHU0liM0RRRUIKQVFVQUE0SUJEd0F3Z2dFS0FvSUJBUUN0UEZTZ3N6c095V1p3Y0h5T1haQkl2TXFlVllqR2wwWUF0ZUVKNU8xdApwb3czYkpWTU51Nk0xSURCOTZCRWpHS0JsdGVtYk1EN3VLOU1sNktmR1JrNld2ZUdTQjhBSjhRL1RwWG5JVEZ0CmU2T2Nrc1V4Rm9wMHB5NHQ3eFI1N2hwS2hobnJsTlNKNlYrakhpaERlb3BObGR5WCtUTDdvTk9oZ0VSdlNmZnIKT3RycExjV2ZTQWFTUElpS3I4Qm5RRDQ5MHFNUlFzUWcwSnRpSTVJNkVETnRGajV5QWxRNnZrWGhTbFJpYjBOWgo3SnhBL05VVFNuUlNaY0F4OGRsQy9sT1BPSVNmSzhzTW5xUHV6OThvTzVLY3JGOThWYm5KOHRhL3duZFE3UTdiCk9HejNLT0kvdnM4TEZ6QmN0eVY1SFpsVzVuZmRQbkRzUGxBNHk4akpzcTlCQWdNQkFBR2pJekFoTUE0R0ExVWQKRHdFQi93UUVBd0lDQkRBUEJnTlZIUk1CQWY4RUJUQURBUUgvTUEwR0NTcUdTSWIzRFFFQkN3VUFBNElCQVFBcwprMUNTQ3g5c3VaL1NjcUNLYk5oc0FMNnBuSkt2RG5pSGdzTWxuSnVneFZSVEhaUFB6TjYvcDFwUGpJR2ZvTkNwCnM2QXZNaHVRRW9GSnMyNlZnRlVzbmord3RDOGtqK2VZMXBqTmRMMjR2SzdVeUhONlNXZWZFNEh5T0F0bkN4R2IKWGFmd0J5VzBuWmFHUlhpTytWeDF6TVB5NmpjNWRncnVEMytwWjlBR0hkSllTeWVxbDEwQWVYSnJOQXFwZnNlTAozYzJydU9XTE5NeW1xL1lHWCtMLzhlVFdxQWZpNlFhMk1aMnJmVUJkanlHTXNzT0xXbTJwQW5XVnlEcjNOL1JzCkpRek9yejFES1FQZjltNjVCdG1oa1Zmd293bmdOSW42SUF2SlJ0cVV0RUo1QUYvcWtDcFJtVzZDTTUwbUhXNmoKU3hVY0pSdVl1K1dMZ2tDclkwVVgKLS0tLS1FTkQgQ0VSVElGSUNBVEUtLS0tLQo=",
                "password": "k8smasterk8smaster",
                "username": "k8smaster"
              }
            ],
            "master_authorized_networks_config": [],
            "master_version": "1.13.7-gke.8",
            "min_master_version": null,
            "monitoring_service": "monitoring.googleapis.com",
            "name": "k8s-cluster",
            "network": "projects/dohoneydemos/global/networks/default",
            "network_policy": [
              {
                "enabled": false,
                "provider": "PROVIDER_UNSPECIFIED"
              }
            ],
            "node_config": [
              {
                "disk_size_gb": 20,
                "disk_type": "pd-standard",
                "guest_accelerator": [],
                "image_type": "COS_CONTAINERD",
                "labels": {},
                "local_ssd_count": 0,
                "machine_type": "n1-standard-2",
                "metadata": {
                  "disable-legacy-endpoints": "true"
                },
                "min_cpu_platform": "",
                "oauth_scopes": [
                  "https://www.googleapis.com/auth/compute",
                  "https://www.googleapis.com/auth/devstorage.read_only",
                  "https://www.googleapis.com/auth/logging.write",
                  "https://www.googleapis.com/auth/monitoring"
                ],
                "preemptible": false,
                "sandbox_config": [],
                "service_account": "default",
                "tags": null,
                "taint": [],
                "workload_metadata_config": []
              }
            ],
            "node_locations": [],
            "node_pool": [
              {
                "autoscaling": [],
                "initial_node_count": 3,
                "instance_group_urls": [
                  "https://www.googleapis.com/compute/v1/projects/dohoneydemos/zones/us-west1-b/instanceGroupManagers/gke-k8s-cluster-default-pool-4d4c7d7b-grp"
                ],
                "management": [
                  {
                    "auto_repair": false,
                    "auto_upgrade": false
                  }
                ],
                "max_pods_per_node": 0,
                "name": "default-pool",
                "name_prefix": "",
                "node_config": [
                  {
                    "disk_size_gb": 20,
                    "disk_type": "pd-standard",
                    "guest_accelerator": [],
                    "image_type": "COS_CONTAINERD",
                    "labels": {},
                    "local_ssd_count": 0,
                    "machine_type": "n1-standard-2",
                    "metadata": {
                      "disable-legacy-endpoints": "true"
                    },
                    "min_cpu_platform": "",
                    "oauth_scopes": [
                      "https://www.googleapis.com/auth/compute",
                      "https://www.googleapis.com/auth/devstorage.read_only",
                      "https://www.googleapis.com/auth/logging.write",
                      "https://www.googleapis.com/auth/monitoring"
                    ],
                    "preemptible": false,
                    "sandbox_config": [],
                    "service_account": "default",
                    "tags": [],
                    "taint": [],
                    "workload_metadata_config": []
                  }
                ],
                "node_count": 3,
                "version": "1.13.7-gke.8"
              }
            ],
            "node_version": "1.13.7-gke.8",
            "pod_security_policy_config": [],
            "private_cluster_config": [],
            "project": "dohoneydemos",
            "region": null,
            "remove_default_node_pool": null,
            "resource_labels": null,
            "services_ipv4_cidr": "10.23.240.0/20",
            "subnetwork": "projects/dohoneydemos/regions/us-west1/subnetworks/default",
            "timeouts": null,
            "zone": "us-west1-b"
          },
          "private": "eyJlMmJmYjczMC1lY2FhLTExZTYtOGY4OC0zNDM2M2JjN2M0YzAiOnsiY3JlYXRlIjoxODAwMDAwMDAwMDAwLCJkZWxldGUiOjE4MDAwMDAwMDAwMDAsInVwZGF0ZSI6MzYwMDAwMDAwMDAwMH0sInNjaGVtYV92ZXJzaW9uIjoiMSJ9"
        }
      ]
    }
  ]
}
