{
  "version": 4,
  "terraform_version": "0.12.9",
  "serial": 5,
  "lineage": "dffcfd9d-f608-1b4f-aa76-a25d8d5bb316",
  "outputs": {
    "k8s_endpoint": {
      "value": "35.197.31.87",
      "type": "string"
    },
    "k8s_instance_group_urls": {
      "value": "https://www.googleapis.com/compute/v1/projects/dohoneydemos/zones/us-west1-b/instanceGroups/gke-k8s-cluster-default-pool-41ca3c9f-grp",
      "type": "string"
    },
    "k8s_master_auth_client_certificate": {
      "value": "",
      "type": "string"
    },
    "k8s_master_auth_client_key": {
      "value": "",
      "type": "string"
    },
    "k8s_master_auth_cluster_ca_certificate": {
      "value": "LS0tLS1CRUdJTiBDRVJUSUZJQ0FURS0tLS0tCk1JSURERENDQWZTZ0F3SUJBZ0lSQUxKQXV6VHpNWmJJTndJNFVHR3FsY1F3RFFZSktvWklodmNOQVFFTEJRQXcKTHpFdE1Dc0dBMVVFQXhNa09HUmpZamszTnpjdFpXSXlaUzAwT0dRMkxXRmtNall0TTJSaE16VmpNelJtWVRKbApNQjRYRFRFNU1UQXdNekUwTURVeU1Wb1hEVEkwTVRBd01URTFNRFV5TVZvd0x6RXRNQ3NHQTFVRUF4TWtPR1JqCllqazNOemN0WldJeVpTMDBPR1EyTFdGa01qWXRNMlJoTXpWak16Um1ZVEpsTUlJQklqQU5CZ2txaGtpRzl3MEIKQVFFRkFBT0NBUThBTUlJQkNnS0NBUUVBdmVrdk9jYUVkeWVhQlJ5MXBsZGdlb1UyZHlsTXJ3QkNhUG95bCtXVQp2eGlaMWpNREgwRnlQa1lKK24rRGdHMXIzV0lLeWkyTTJFbXlzZ2FmUE9veGFpU2xUeHkzS0c3ZXlXaVpGSklaCnQxOGMwT1VkOXFpR3BJM0szaUxRVFpvTmoxbnE1NHNiUFAwRFh6NUpIcEJndUNTbEhOcXVFQzJXbnhMWHRUWWwKZWNTRTNTaWFXWU95VFBxOUwvem5KVS96QmdpNkNQT1ZRWFg5WDhwRlBXTGIzTEpRZitWaU1YSkFCb1REdDhIUApsUHQ4ajc0SVFJNzZmSWwwNXVmRllaWHZwQi9BMkMwR3pHUkVCV1Vad1dTWGNEdHYyWnhoVWxwaE0vM0svZzdGClZCM2FoSzgyQWt3SnMzZ1JUaThGOTliVndIUzJDV0NITGdlV0VVMFlsSXVTbFFJREFRQUJveU13SVRBT0JnTlYKSFE4QkFmOEVCQU1DQWdRd0R3WURWUjBUQVFIL0JBVXdBd0VCL3pBTkJna3Foa2lHOXcwQkFRc0ZBQU9DQVFFQQpUOEVQUnh5RU1CZDY4YkZ1bVJWRE9rcXVjMVpSZEM2enB4S1BWajBsaUNlVWQ0WEZhNVZOUDdneGVBUTZYSFFVClFFSDFHdFExSTlNM2MvQUFYbHRDWjByZlZSNGJ6U3ZtL1ptV29WaEZKNC8wMTFiVWlhS29jbythOElxVjZmcUYKSjZxckIzamhxMEdDVDhoVURnQTM2QVdUTE5yb0NtTTBRMWNjTW5qK0xVYmw1d0lXWFRaZzd6dWdnQ3NqSm9NQwpST0YxbktUVDNEd290K1BqR3drSEt0Zkt6TnBGWU1wYWJXWGdDS0VBZnBlVkU0aWJycElpL2x1amxhRGZ3dXllCjJlY01SYmFYcldDdXJISTR0RE82OFExamJGVXl6anFwcWhPTUpuZCtKK0I0M29lNEEwbEt3cUZEQUJqbFI5NGkKakpwTDA0MmxpTlEyR1h0RU5hWitkQT09Ci0tLS0tRU5EIENFUlRJRklDQVRFLS0tLS0K",
      "type": "string"
    },
    "k8s_master_version": {
      "value": "1.13.7-gke.24",
      "type": "string"
    }
  },
  "resources": [
    {
      "mode": "data",
      "type": "google_container_engine_versions",
      "name": "west",
      "provider": "provider.google",
      "instances": [
        {
          "schema_version": 0,
          "attributes": {
            "default_cluster_version": "1.13.7-gke.24",
            "id": "2019-10-03 15:09:58.242236 +0000 UTC",
            "latest_master_version": "1.14.6-gke.2",
            "latest_node_version": "1.14.6-gke.2",
            "location": "us-west1-b",
            "project": null,
            "region": null,
            "valid_master_versions": [
              "1.14.6-gke.2",
              "1.14.6-gke.1",
              "1.14.3-gke.11",
              "1.13.10-gke.0",
              "1.13.9-gke.3",
              "1.13.7-gke.24",
              "1.12.10-gke.5",
              "1.12.9-gke.16",
              "1.12.9-gke.15"
            ],
            "valid_node_versions": [
              "1.14.6-gke.2",
              "1.14.6-gke.1",
              "1.14.3-gke.11",
              "1.14.3-gke.10",
              "1.14.3-gke.9",
              "1.14.2-gke.9",
              "1.14.1-gke.5",
              "1.13.10-gke.0",
              "1.13.9-gke.3",
              "1.13.7-gke.24",
              "1.13.7-gke.19",
              "1.13.7-gke.15",
              "1.13.7-gke.8",
              "1.13.7-gke.0",
              "1.13.6-gke.13",
              "1.13.6-gke.6",
              "1.13.6-gke.5",
              "1.13.6-gke.0",
              "1.13.5-gke.10",
              "1.12.10-gke.5",
              "1.12.9-gke.16",
              "1.12.9-gke.15",
              "1.12.9-gke.13",
              "1.12.9-gke.10",
              "1.12.9-gke.7",
              "1.12.9-gke.3",
              "1.12.8-gke.12",
              "1.12.8-gke.10",
              "1.12.8-gke.7",
              "1.12.8-gke.6",
              "1.12.7-gke.26",
              "1.12.7-gke.25",
              "1.12.7-gke.24",
              "1.12.7-gke.22",
              "1.12.7-gke.21",
              "1.12.7-gke.17",
              "1.12.7-gke.10",
              "1.12.7-gke.7",
              "1.12.6-gke.11",
              "1.12.6-gke.10",
              "1.12.6-gke.7",
              "1.12.5-gke.10",
              "1.12.5-gke.5",
              "1.11.10-gke.6",
              "1.11.10-gke.5",
              "1.11.10-gke.4",
              "1.11.9-gke.13",
              "1.11.9-gke.8",
              "1.11.9-gke.5",
              "1.11.8-gke.10",
              "1.11.8-gke.6",
              "1.11.8-gke.5",
              "1.11.8-gke.4",
              "1.11.7-gke.18",
              "1.11.7-gke.12",
              "1.11.7-gke.6",
              "1.11.7-gke.4",
              "1.11.6-gke.16",
              "1.11.6-gke.11",
              "1.11.6-gke.6",
              "1.11.6-gke.3",
              "1.11.6-gke.2",
              "1.11.6-gke.0",
              "1.11.5-gke.5",
              "1.11.5-gke.4",
              "1.11.4-gke.13",
              "1.11.4-gke.12",
              "1.11.4-gke.8",
              "1.11.3-gke.24",
              "1.11.3-gke.23",
              "1.11.3-gke.18",
              "1.11.2-gke.26",
              "1.11.2-gke.25",
              "1.11.2-gke.20",
              "1.11.2-gke.18",
              "1.11.2-gke.15",
              "1.11.2-gke.9",
              "1.10.12-gke.14",
              "1.10.12-gke.9",
              "1.10.12-gke.7",
              "1.10.12-gke.1",
              "1.10.12-gke.0",
              "1.10.11-gke.1",
              "1.10.9-gke.7",
              "1.10.9-gke.5",
              "1.10.9-gke.3",
              "1.10.9-gke.0",
              "1.10.7-gke.13",
              "1.10.7-gke.11",
              "1.10.7-gke.9",
              "1.10.7-gke.6",
              "1.10.7-gke.2",
              "1.10.7-gke.1",
              "1.10.6-gke.13",
              "1.10.6-gke.11",
              "1.10.6-gke.9",
              "1.10.6-gke.6",
              "1.10.6-gke.4",
              "1.10.6-gke.3",
              "1.10.6-gke.2",
              "1.10.6-gke.1",
              "1.10.5-gke.4",
              "1.10.5-gke.3",
              "1.10.5-gke.2",
              "1.10.5-gke.0",
              "1.10.4-gke.3",
              "1.10.4-gke.2",
              "1.10.4-gke.0",
              "1.10.2-gke.4",
              "1.10.2-gke.3",
              "1.10.2-gke.1",
              "1.9.7-gke.11",
              "1.9.7-gke.7",
              "1.9.7-gke.6",
              "1.9.7-gke.5",
              "1.9.7-gke.4",
              "1.9.7-gke.3",
              "1.9.7-gke.1",
              "1.9.7-gke.0",
              "1.9.6-gke.2",
              "1.9.6-gke.1",
              "1.9.3-gke.0",
              "1.8.12-gke.3",
              "1.8.12-gke.2",
              "1.8.12-gke.1",
              "1.8.12-gke.0",
              "1.8.10-gke.2",
              "1.8.10-gke.0",
              "1.8.9-gke.1",
              "1.8.8-gke.0",
              "1.7.15-gke.0",
              "1.7.12-gke.2",
              "1.6.13-gke.1"
            ],
            "version_prefix": null,
            "zone": null
          }
        }
      ]
    },
    {
      "mode": "managed",
      "type": "google_compute_firewall",
      "name": "my-firewall",
      "provider": "provider.google",
      "instances": [
        {
          "schema_version": 1,
          "attributes": {
            "allow": [
              {
                "ports": [
                  "8443",
                  "8080",
                  "8090",
                  "27017",
                  "587",
                  "4949"
                ],
                "protocol": "tcp"
              },
              {
                "ports": [],
                "protocol": "icmp"
              }
            ],
            "creation_timestamp": "2019-10-03T08:10:08.577-07:00",
            "deny": [],
            "description": "",
            "destination_ranges": [],
            "direction": "INGRESS",
            "disabled": false,
            "id": "ops-manager-fw",
            "name": "ops-manager-fw",
            "network": "https://www.googleapis.com/compute/v1/projects/dohoneydemos/global/networks/vpc-network",
            "priority": 1000,
            "project": "dohoneydemos",
            "self_link": "https://www.googleapis.com/compute/v1/projects/dohoneydemos/global/firewalls/ops-manager-fw",
            "source_ranges": [],
            "source_service_accounts": null,
            "source_tags": [
              "ops-manager"
            ],
            "target_service_accounts": null,
            "target_tags": null,
            "timeouts": null
          },
          "private": "eyJlMmJmYjczMC1lY2FhLTExZTYtOGY4OC0zNDM2M2JjN2M0YzAiOnsiY3JlYXRlIjoyNDAwMDAwMDAwMDAsImRlbGV0ZSI6MjQwMDAwMDAwMDAwLCJ1cGRhdGUiOjI0MDAwMDAwMDAwMH0sInNjaGVtYV92ZXJzaW9uIjoiMSJ9",
          "depends_on": [
            "google_compute_network.my-net"
          ]
        }
      ]
    },
    {
      "mode": "managed",
      "type": "google_compute_network",
      "name": "my-net",
      "provider": "provider.google",
      "instances": [
        {
          "schema_version": 0,
          "attributes": {
            "auto_create_subnetworks": true,
            "delete_default_routes_on_create": false,
            "description": "",
            "gateway_ipv4": "",
            "id": "vpc-network",
            "ipv4_range": "",
            "name": "vpc-network",
            "project": "dohoneydemos",
            "routing_mode": "REGIONAL",
            "self_link": "https://www.googleapis.com/compute/v1/projects/dohoneydemos/global/networks/vpc-network",
            "timeouts": null
          },
          "private": "eyJlMmJmYjczMC1lY2FhLTExZTYtOGY4OC0zNDM2M2JjN2M0YzAiOnsiY3JlYXRlIjoyNDAwMDAwMDAwMDAsImRlbGV0ZSI6MjQwMDAwMDAwMDAwLCJ1cGRhdGUiOjI0MDAwMDAwMDAwMH19"
        }
      ]
    },
    {
      "mode": "managed",
      "type": "google_container_cluster",
      "name": "k8sexample",
      "provider": "provider.google",
      "instances": [
        {
          "schema_version": 1,
          "attributes": {
            "additional_zones": [],
            "addons_config": [
              {
                "horizontal_pod_autoscaling": [],
                "http_load_balancing": [],
                "kubernetes_dashboard": [
                  {
                    "disabled": true
                  }
                ],
                "network_policy_config": [
                  {
                    "disabled": true
                  }
                ]
              }
            ],
            "cluster_autoscaling": [],
            "cluster_ipv4_cidr": "10.20.0.0/14",
            "description": "example k8s cluster",
            "enable_binary_authorization": null,
            "enable_intranode_visibility": null,
            "enable_kubernetes_alpha": true,
            "enable_legacy_abac": true,
            "enable_tpu": null,
            "endpoint": "35.197.31.87",
            "id": "k8s-cluster",
            "initial_node_count": 3,
            "instance_group_urls": [
              "https://www.googleapis.com/compute/v1/projects/dohoneydemos/zones/us-west1-b/instanceGroups/gke-k8s-cluster-default-pool-41ca3c9f-grp"
            ],
            "ip_allocation_policy": [],
            "location": "us-west1-b",
            "logging_service": "logging.googleapis.com",
            "maintenance_policy": [],
            "master_auth": [
              {
                "client_certificate": "",
                "client_certificate_config": [
                  {
                    "issue_client_certificate": false
                  }
                ],
                "client_key": "",
                "cluster_ca_certificate": "LS0tLS1CRUdJTiBDRVJUSUZJQ0FURS0tLS0tCk1JSURERENDQWZTZ0F3SUJBZ0lSQUxKQXV6VHpNWmJJTndJNFVHR3FsY1F3RFFZSktvWklodmNOQVFFTEJRQXcKTHpFdE1Dc0dBMVVFQXhNa09HUmpZamszTnpjdFpXSXlaUzAwT0dRMkxXRmtNall0TTJSaE16VmpNelJtWVRKbApNQjRYRFRFNU1UQXdNekUwTURVeU1Wb1hEVEkwTVRBd01URTFNRFV5TVZvd0x6RXRNQ3NHQTFVRUF4TWtPR1JqCllqazNOemN0WldJeVpTMDBPR1EyTFdGa01qWXRNMlJoTXpWak16Um1ZVEpsTUlJQklqQU5CZ2txaGtpRzl3MEIKQVFFRkFBT0NBUThBTUlJQkNnS0NBUUVBdmVrdk9jYUVkeWVhQlJ5MXBsZGdlb1UyZHlsTXJ3QkNhUG95bCtXVQp2eGlaMWpNREgwRnlQa1lKK24rRGdHMXIzV0lLeWkyTTJFbXlzZ2FmUE9veGFpU2xUeHkzS0c3ZXlXaVpGSklaCnQxOGMwT1VkOXFpR3BJM0szaUxRVFpvTmoxbnE1NHNiUFAwRFh6NUpIcEJndUNTbEhOcXVFQzJXbnhMWHRUWWwKZWNTRTNTaWFXWU95VFBxOUwvem5KVS96QmdpNkNQT1ZRWFg5WDhwRlBXTGIzTEpRZitWaU1YSkFCb1REdDhIUApsUHQ4ajc0SVFJNzZmSWwwNXVmRllaWHZwQi9BMkMwR3pHUkVCV1Vad1dTWGNEdHYyWnhoVWxwaE0vM0svZzdGClZCM2FoSzgyQWt3SnMzZ1JUaThGOTliVndIUzJDV0NITGdlV0VVMFlsSXVTbFFJREFRQUJveU13SVRBT0JnTlYKSFE4QkFmOEVCQU1DQWdRd0R3WURWUjBUQVFIL0JBVXdBd0VCL3pBTkJna3Foa2lHOXcwQkFRc0ZBQU9DQVFFQQpUOEVQUnh5RU1CZDY4YkZ1bVJWRE9rcXVjMVpSZEM2enB4S1BWajBsaUNlVWQ0WEZhNVZOUDdneGVBUTZYSFFVClFFSDFHdFExSTlNM2MvQUFYbHRDWjByZlZSNGJ6U3ZtL1ptV29WaEZKNC8wMTFiVWlhS29jbythOElxVjZmcUYKSjZxckIzamhxMEdDVDhoVURnQTM2QVdUTE5yb0NtTTBRMWNjTW5qK0xVYmw1d0lXWFRaZzd6dWdnQ3NqSm9NQwpST0YxbktUVDNEd290K1BqR3drSEt0Zkt6TnBGWU1wYWJXWGdDS0VBZnBlVkU0aWJycElpL2x1amxhRGZ3dXllCjJlY01SYmFYcldDdXJISTR0RE82OFExamJGVXl6anFwcWhPTUpuZCtKK0I0M29lNEEwbEt3cUZEQUJqbFI5NGkKakpwTDA0MmxpTlEyR1h0RU5hWitkQT09Ci0tLS0tRU5EIENFUlRJRklDQVRFLS0tLS0K",
                "password": "k8smasterk8smaster",
                "username": "k8smaster"
              }
            ],
            "master_authorized_networks_config": [],
            "master_version": "1.13.7-gke.24",
            "min_master_version": null,
            "monitoring_service": "monitoring.googleapis.com",
            "name": "k8s-cluster",
            "network": "projects/dohoneydemos/global/networks/default",
            "network_policy": [
              {
                "enabled": false,
                "provider": "PROVIDER_UNSPECIFIED"
              }
            ],
            "node_config": [
              {
                "disk_size_gb": 20,
                "disk_type": "pd-standard",
                "guest_accelerator": [],
                "image_type": "COS_CONTAINERD",
                "labels": {},
                "local_ssd_count": 0,
                "machine_type": "n1-standard-2",
                "metadata": {
                  "disable-legacy-endpoints": "true"
                },
                "min_cpu_platform": "",
                "oauth_scopes": [
                  "https://www.googleapis.com/auth/compute",
                  "https://www.googleapis.com/auth/devstorage.read_only",
                  "https://www.googleapis.com/auth/logging.write",
                  "https://www.googleapis.com/auth/monitoring"
                ],
                "preemptible": false,
                "sandbox_config": [],
                "service_account": "default",
                "tags": [],
                "taint": [],
                "workload_metadata_config": []
              }
            ],
            "node_locations": [],
            "node_pool": [
              {
                "autoscaling": [],
                "initial_node_count": 3,
                "instance_group_urls": [
                  "https://www.googleapis.com/compute/v1/projects/dohoneydemos/zones/us-west1-b/instanceGroupManagers/gke-k8s-cluster-default-pool-41ca3c9f-grp"
                ],
                "management": [
                  {
                    "auto_repair": false,
                    "auto_upgrade": false
                  }
                ],
                "max_pods_per_node": 0,
                "name": "default-pool",
                "name_prefix": "",
                "node_config": [
                  {
                    "disk_size_gb": 20,
                    "disk_type": "pd-standard",
                    "guest_accelerator": [],
                    "image_type": "COS_CONTAINERD",
                    "labels": {},
                    "local_ssd_count": 0,
                    "machine_type": "n1-standard-2",
                    "metadata": {
                      "disable-legacy-endpoints": "true"
                    },
                    "min_cpu_platform": "",
                    "oauth_scopes": [
                      "https://www.googleapis.com/auth/compute",
                      "https://www.googleapis.com/auth/devstorage.read_only",
                      "https://www.googleapis.com/auth/logging.write",
                      "https://www.googleapis.com/auth/monitoring"
                    ],
                    "preemptible": false,
                    "sandbox_config": [],
                    "service_account": "default",
                    "tags": [],
                    "taint": [],
                    "workload_metadata_config": []
                  }
                ],
                "node_count": 3,
                "version": "1.13.7-gke.24"
              }
            ],
            "node_version": "1.13.7-gke.24",
            "pod_security_policy_config": [],
            "private_cluster_config": [],
            "project": "dohoneydemos",
            "region": null,
            "remove_default_node_pool": null,
            "resource_labels": {},
            "services_ipv4_cidr": "10.23.240.0/20",
            "subnetwork": "projects/dohoneydemos/regions/us-west1/subnetworks/default",
            "timeouts": null,
            "zone": "us-west1-b"
          },
          "private": "eyJlMmJmYjczMC1lY2FhLTExZTYtOGY4OC0zNDM2M2JjN2M0YzAiOnsiY3JlYXRlIjoxODAwMDAwMDAwMDAwLCJkZWxldGUiOjE4MDAwMDAwMDAwMDAsInVwZGF0ZSI6MzYwMDAwMDAwMDAwMH0sInNjaGVtYV92ZXJzaW9uIjoiMSJ9"
        }
      ]
    }
  ]
}
